
Microsoft Visual Studio Solution File, Format Version 12.00
# Visual Studio Version 17
VisualStudioVersion = 17.8.34330.188
MinimumVisualStudioVersion = 10.0.40219.1
Project("{FAE04EC0-301F-11D3-BF4B-00C04F79EFBC}") = "tekstualni_editor", "tekstualni_editor\tekstualni_editor.csproj", "{FDE6F05B-D23F-4828-BA32-D3B18DCF7239}"
EndProject
Global
	GlobalSection(SolutionConfigurationPlatforms) = preSolution
		Debug|Any CPU = Debug|Any CPU
		Release|Any CPU = Release|Any CPU
	EndGlobalSection
	GlobalSection(ProjectConfigurationPlatforms) = postSolution
		{FDE6F05B-D23F-4828-BA32-D3B18DCF7239}.Debug|Any CPU.ActiveCfg = Debug|Any CPU
		{FDE6F05B-D23F-4828-BA32-D3B18DCF7239}.Debug|Any CPU.Build.0 = Debug|Any CPU
		{FDE6F05B-D23F-4828-BA32-D3B18DCF7239}.Release|Any CPU.ActiveCfg = Release|Any CPU
		{FDE6F05B-D23F-4828-BA32-D3B18DCF7239}.Release|Any CPU.Build.0 = Release|Any CPU
	EndGlobalSection
	GlobalSection(SolutionProperties) = preSolution
		HideSolutionNode = FALSE
	EndGlobalSection
	GlobalSection(ExtensibilityGlobals) = postSolution
		SolutionGuid = {0D7C9A61-D59B-4DB5-A0AC-76FA6225F2AF}
	EndGlobalSection
EndGlobal
